
Microsoft Visual Studio Solution File, Format Version 12.00
# Visual Studio Version 16
VisualStudioVersion = 16.0.30804.86
MinimumVisualStudioVersion = 10.0.40219.1
Project("{FAE04EC0-301F-11D3-BF4B-00C04F79EFBC}") = "CHUNGKHOANG", "CHUNGKHOANG\CHUNGKHOANG.csproj", "{CD838BF3-EB61-45A6-85C9-953518501906}"
EndProject
Global
	GlobalSection(SolutionConfigurationPlatforms) = preSolution
		Debug|Any CPU = Debug|Any CPU
		Release|Any CPU = Release|Any CPU
	EndGlobalSection
	GlobalSection(ProjectConfigurationPlatforms) = postSolution
		{CD838BF3-EB61-45A6-85C9-953518501906}.Debug|Any CPU.ActiveCfg = Debug|Any CPU
		{CD838BF3-EB61-45A6-85C9-953518501906}.Debug|Any CPU.Build.0 = Debug|Any CPU
		{CD838BF3-EB61-45A6-85C9-953518501906}.Release|Any CPU.ActiveCfg = Release|Any CPU
		{CD838BF3-EB61-45A6-85C9-953518501906}.Release|Any CPU.Build.0 = Release|Any CPU
	EndGlobalSection
	GlobalSection(SolutionProperties) = preSolution
		HideSolutionNode = FALSE
	EndGlobalSection
	GlobalSection(ExtensibilityGlobals) = postSolution
		SolutionGuid = {3ECDC5C6-E1CC-4A07-A473-0ED1DEE6A8FA}
	EndGlobalSection
EndGlobal
